{
  "name": "dynamoose-schema-lib",
  "version": "1.0.0",
  "lockfileVersion": 1,
  "requires": true,
  "dependencies": {
    "@nestjs/common": {
      "version": "7.4.2",
      "resolved": "https://chewyinc.jfrog.io/chewyinc/api/npm/npm-cache/@nestjs/common/-/common-7.4.2.tgz",
      "integrity": "sha1-8c7/Aaeyx3CUcmlE9V2QeiGWv+E=",
      "dev": true,
      "requires": {
        "axios": "0.19.2",
        "cli-color": "2.0.0",
        "iterare": "1.2.1",
        "tslib": "2.0.0",
        "uuid": "8.3.0"
      }
    },
    "@nestjs/core": {
      "version": "7.4.2",
      "resolved": "https://chewyinc.jfrog.io/chewyinc/api/npm/npm-cache/@nestjs/core/-/core-7.4.2.tgz",
      "integrity": "sha1-oqBkDupljfvW3o4wef/8Wgh4/1o=",
      "dev": true,
      "requires": {
        "@nuxtjs/opencollective": "0.2.2",
        "fast-safe-stringify": "2.0.7",
        "iterare": "1.2.1",
        "object-hash": "2.0.3",
        "path-to-regexp": "3.2.0",
        "tslib": "2.0.0",
        "uuid": "8.3.0"
      }
    },
    "@nuxtjs/opencollective": {
      "version": "0.2.2",
      "resolved": "https://chewyinc.jfrog.io/chewyinc/api/npm/npm-cache/@nuxtjs/opencollective/-/opencollective-0.2.2.tgz",
      "integrity": "sha1-Jqdh6/WIzJKkItfO6Zama9bidh4=",
      "dev": true,
      "requires": {
        "chalk": "^2.4.1",
        "consola": "^2.3.0",
        "node-fetch": "^2.3.0"
      }
    },
    "@types/node": {
      "version": "14.6.0",
      "resolved": "https://chewyinc.jfrog.io/chewyinc/api/npm/npm-cache/@types/node/-/node-14.6.0.tgz",
      "integrity": "sha1-fUQRv1FXM5M318/4ZNn/RfF3tJk=",
      "dev": true
    },
    "@types/source-map-support": {
      "version": "0.5.2",
      "resolved": "https://chewyinc.jfrog.io/chewyinc/api/npm/npm-cache/@types/source-map-support/-/source-map-support-0.5.2.tgz",
      "integrity": "sha1-NedEbUcOY+w//01+zu4LxA760jk=",
      "dev": true,
      "requires": {
        "@types/node": "*",
        "source-map": "^0.6.0"
      }
    },
    "@types/uuid": {
      "version": "8.3.0",
      "resolved": "https://chewyinc.jfrog.io/chewyinc/api/npm/npm-cache/@types/uuid/-/uuid-8.3.0.tgz",
      "integrity": "sha1-IVwjHf9zbVupJBDm1gIFDM5+Jz8=",
      "dev": true
    },
    "ansi-regex": {
      "version": "2.1.1",
      "resolved": "https://chewyinc.jfrog.io/chewyinc/api/npm/npm-cache/ansi-regex/-/ansi-regex-2.1.1.tgz",
      "integrity": "sha1-w7M6te42DYbg5ijwRorn7yfWVN8=",
      "dev": true
    },
    "ansi-styles": {
      "version": "3.2.1",
      "resolved": "https://chewyinc.jfrog.io/chewyinc/api/npm/npm-cache/ansi-styles/-/ansi-styles-3.2.1.tgz",
      "integrity": "sha1-QfuyAkPlCxK+DwS43tvwdSDOhB0=",
      "dev": true,
      "requires": {
        "color-convert": "^1.9.0"
      }
    },
    "aws-sdk": {
      "version": "2.735.0",
      "resolved": "https://chewyinc.jfrog.io/chewyinc/api/npm/npm-cache/aws-sdk/-/aws-sdk-2.735.0.tgz",
      "integrity": "sha1-VlM+/Cmmj5u0btlWa9wmaaNbcAM=",
      "dev": true,
      "requires": {
        "buffer": "4.9.2",
        "events": "1.1.1",
        "ieee754": "1.1.13",
        "jmespath": "0.15.0",
        "querystring": "0.2.0",
        "sax": "1.2.1",
        "url": "0.10.3",
        "uuid": "3.3.2",
        "xml2js": "0.4.19"
      },
      "dependencies": {
        "uuid": {
          "version": "3.3.2",
          "resolved": "https://chewyinc.jfrog.io/chewyinc/api/npm/npm-cache/uuid/-/uuid-3.3.2.tgz",
          "integrity": "sha1-G0r0lV6zB3xQHCOHL8ZROBFYcTE=",
          "dev": true
        }
      }
    },
    "axios": {
      "version": "0.19.2",
      "resolved": "https://chewyinc.jfrog.io/chewyinc/api/npm/npm-cache/axios/-/axios-0.19.2.tgz",
      "integrity": "sha1-PqNsXYgY0NX4qKl6bTa4bNwAyyc=",
      "dev": true,
      "requires": {
        "follow-redirects": "1.5.10"
      }
    },
    "balanced-match": {
      "version": "1.0.0",
      "resolved": "https://chewyinc.jfrog.io/chewyinc/api/npm/npm-cache/balanced-match/-/balanced-match-1.0.0.tgz",
      "integrity": "sha1-ibTRmasr7kneFk6gK4nORi1xt2c=",
      "dev": true
    },
    "base64-js": {
      "version": "1.3.1",
      "resolved": "https://chewyinc.jfrog.io/chewyinc/api/npm/npm-cache/base64-js/-/base64-js-1.3.1.tgz",
      "integrity": "sha1-WOzoy3XdB+ce0IxzarxfrE2/jfE=",
      "dev": true
    },
    "brace-expansion": {
      "version": "1.1.11",
      "resolved": "https://chewyinc.jfrog.io/chewyinc/api/npm/npm-cache/brace-expansion/-/brace-expansion-1.1.11.tgz",
      "integrity": "sha1-PH/L9SnYcibz0vUrlm/1Jx60Qd0=",
      "dev": true,
      "requires": {
        "balanced-match": "^1.0.0",
        "concat-map": "0.0.1"
      }
    },
    "buffer": {
      "version": "4.9.2",
      "resolved": "https://chewyinc.jfrog.io/chewyinc/api/npm/npm-cache/buffer/-/buffer-4.9.2.tgz",
      "integrity": "sha1-Iw6tNEACmIZEhBqwJEr4xEu+Pvg=",
      "dev": true,
      "requires": {
        "base64-js": "^1.0.2",
        "ieee754": "^1.1.4",
        "isarray": "^1.0.0"
      }
    },
    "buffer-from": {
      "version": "1.1.1",
      "resolved": "https://chewyinc.jfrog.io/chewyinc/api/npm/npm-cache/buffer-from/-/buffer-from-1.1.1.tgz",
      "integrity": "sha1-MnE7wCj3XAL9txDXx7zsHyxgcO8=",
      "dev": true
    },
    "chalk": {
      "version": "2.4.2",
      "resolved": "https://chewyinc.jfrog.io/chewyinc/api/npm/npm-cache/chalk/-/chalk-2.4.2.tgz",
      "integrity": "sha1-zUJUFnelQzPPVBpJEIwUMrRMlCQ=",
      "dev": true,
      "requires": {
        "ansi-styles": "^3.2.1",
        "escape-string-regexp": "^1.0.5",
        "supports-color": "^5.3.0"
      }
    },
    "cli-color": {
      "version": "2.0.0",
      "resolved": "https://chewyinc.jfrog.io/chewyinc/api/npm/npm-cache/cli-color/-/cli-color-2.0.0.tgz",
      "integrity": "sha1-Eez7WKeSeM9gNaYMVOM4+dg3iXw=",
      "dev": true,
      "requires": {
        "ansi-regex": "^2.1.1",
        "d": "^1.0.1",
        "es5-ext": "^0.10.51",
        "es6-iterator": "^2.0.3",
        "memoizee": "^0.4.14",
        "timers-ext": "^0.1.7"
      }
    },
    "color-convert": {
      "version": "1.9.3",
      "resolved": "https://chewyinc.jfrog.io/chewyinc/api/npm/npm-cache/color-convert/-/color-convert-1.9.3.tgz",
      "integrity": "sha1-u3GFBpDh8TZWfeYp0tVHHe2kweg=",
      "dev": true,
      "requires": {
        "color-name": "1.1.3"
      }
    },
    "color-name": {
      "version": "1.1.3",
      "resolved": "https://chewyinc.jfrog.io/chewyinc/api/npm/npm-cache/color-name/-/color-name-1.1.3.tgz",
      "integrity": "sha1-p9BVi9icQveV3UIyj3QIMcpTvCU=",
      "dev": true
    },
    "concat-map": {
      "version": "0.0.1",
      "resolved": "https://chewyinc.jfrog.io/chewyinc/api/npm/npm-cache/concat-map/-/concat-map-0.0.1.tgz",
      "integrity": "sha1-2Klr13/Wjfd5OnMDajug1UBdR3s=",
      "dev": true
    },
    "consola": {
      "version": "2.15.0",
      "resolved": "https://chewyinc.jfrog.io/chewyinc/api/npm/npm-cache/consola/-/consola-2.15.0.tgz",
      "integrity": "sha1-QPxO76TS+O8uKAYUfwVuogf8wOk=",
      "dev": true
    },
    "d": {
      "version": "1.0.1",
      "resolved": "https://chewyinc.jfrog.io/chewyinc/api/npm/npm-cache/d/-/d-1.0.1.tgz",
      "integrity": "sha1-hpgJU3LVjb7jRv/Qxwk/mfj561o=",
      "dev": true,
      "requires": {
        "es5-ext": "^0.10.50",
        "type": "^1.0.1"
      }
    },
    "debug": {
      "version": "3.1.0",
      "resolved": "https://chewyinc.jfrog.io/chewyinc/api/npm/npm-cache/debug/-/debug-3.1.0.tgz",
      "integrity": "sha1-W7WgZyYotkFJVmuhaBnmFRjGcmE=",
      "dev": true,
      "requires": {
        "ms": "2.0.0"
      }
    },
    "dynamoose": {
      "version": "2.3.0",
      "resolved": "https://chewyinc.jfrog.io/chewyinc/api/npm/npm-cache/dynamoose/-/dynamoose-2.3.0.tgz",
      "integrity": "sha1-uM10F8Urpido0iRRY4ZnoXYMahA=",
      "dev": true,
      "requires": {
        "@types/node": "^13.13.4",
        "@types/source-map-support": "^0.5.1",
        "aws-sdk": "^2.668.0",
        "source-map-support": "^0.5.19",
        "uuid": "^8.0.0"
      },
      "dependencies": {
        "@types/node": {
          "version": "13.13.15",
          "resolved": "https://chewyinc.jfrog.io/chewyinc/api/npm/npm-cache/@types/node/-/node-13.13.15.tgz",
          "integrity": "sha1-/hzDqkZaPqaFi3k/04C2bDmRl2Y=",
          "dev": true
        }
      }
    },
    "es5-ext": {
      "version": "0.10.53",
      "resolved": "https://chewyinc.jfrog.io/chewyinc/api/npm/npm-cache/es5-ext/-/es5-ext-0.10.53.tgz",
      "integrity": "sha1-k8WjrP2+8nUiCtcmRK0C7hg2jeE=",
      "dev": true,
      "requires": {
        "es6-iterator": "~2.0.3",
        "es6-symbol": "~3.1.3",
        "next-tick": "~1.0.0"
      }
    },
    "es6-iterator": {
      "version": "2.0.3",
      "resolved": "https://chewyinc.jfrog.io/chewyinc/api/npm/npm-cache/es6-iterator/-/es6-iterator-2.0.3.tgz",
      "integrity": "sha1-p96IkUGgWpSwhUQDstCg+/qY87c=",
      "dev": true,
      "requires": {
        "d": "1",
        "es5-ext": "^0.10.35",
        "es6-symbol": "^3.1.1"
      }
    },
    "es6-symbol": {
      "version": "3.1.3",
      "resolved": "https://chewyinc.jfrog.io/chewyinc/api/npm/npm-cache/es6-symbol/-/es6-symbol-3.1.3.tgz",
      "integrity": "sha1-utXTwbzawoJp9MszHkMceKxwXRg=",
      "dev": true,
      "requires": {
        "d": "^1.0.1",
        "ext": "^1.1.2"
      }
    },
    "es6-weak-map": {
      "version": "2.0.3",
      "resolved": "https://chewyinc.jfrog.io/chewyinc/api/npm/npm-cache/es6-weak-map/-/es6-weak-map-2.0.3.tgz",
      "integrity": "sha1-ttofFswswNm+Q+a9v8Xn383zHVM=",
      "dev": true,
      "requires": {
        "d": "1",
        "es5-ext": "^0.10.46",
        "es6-iterator": "^2.0.3",
        "es6-symbol": "^3.1.1"
      }
    },
    "escape-string-regexp": {
      "version": "1.0.5",
      "resolved": "https://chewyinc.jfrog.io/chewyinc/api/npm/npm-cache/escape-string-regexp/-/escape-string-regexp-1.0.5.tgz",
      "integrity": "sha1-G2HAViGQqN/2rjuyzwIAyhMLhtQ=",
      "dev": true
    },
    "event-emitter": {
      "version": "0.3.5",
      "resolved": "https://chewyinc.jfrog.io/chewyinc/api/npm/npm-cache/event-emitter/-/event-emitter-0.3.5.tgz",
      "integrity": "sha1-34xp7vFkeSPHFXuc6DhAYQsCzDk=",
      "dev": true,
      "requires": {
        "d": "1",
        "es5-ext": "~0.10.14"
      }
    },
    "events": {
      "version": "1.1.1",
      "resolved": "https://chewyinc.jfrog.io/chewyinc/api/npm/npm-cache/events/-/events-1.1.1.tgz",
      "integrity": "sha1-nr23Y1rQmccNzEwqH1AEKI6L2SQ=",
      "dev": true
    },
    "ext": {
      "version": "1.4.0",
      "resolved": "https://chewyinc.jfrog.io/chewyinc/api/npm/npm-cache/ext/-/ext-1.4.0.tgz",
      "integrity": "sha1-ia56BxWPedNVF4gpBDJAd+Q3kkQ=",
      "dev": true,
      "requires": {
        "type": "^2.0.0"
      },
      "dependencies": {
        "type": {
          "version": "2.0.0",
          "resolved": "https://chewyinc.jfrog.io/chewyinc/api/npm/npm-cache/type/-/type-2.0.0.tgz",
          "integrity": "sha1-Xxb/bvLrRPJgSU2uJxAzspwJqcM=",
          "dev": true
        }
      }
    },
    "fast-safe-stringify": {
      "version": "2.0.7",
      "resolved": "https://chewyinc.jfrog.io/chewyinc/api/npm/npm-cache/fast-safe-stringify/-/fast-safe-stringify-2.0.7.tgz",
      "integrity": "sha1-EkqohYmSYfaK7bQqfAgN6dpgh0M=",
      "dev": true
    },
    "follow-redirects": {
      "version": "1.5.10",
      "resolved": "https://chewyinc.jfrog.io/chewyinc/api/npm/npm-cache/follow-redirects/-/follow-redirects-1.5.10.tgz",
      "integrity": "sha1-e3qfmuov3/NnhqlP9kPtB/T/Xio=",
      "dev": true,
      "requires": {
        "debug": "=3.1.0"
      }
    },
    "fs.realpath": {
      "version": "1.0.0",
      "resolved": "https://chewyinc.jfrog.io/chewyinc/api/npm/npm-cache/fs.realpath/-/fs.realpath-1.0.0.tgz",
      "integrity": "sha1-FQStJSMVjKpA20onh8sBQRmU6k8=",
      "dev": true
    },
    "glob": {
      "version": "7.1.6",
      "resolved": "https://chewyinc.jfrog.io/chewyinc/api/npm/npm-cache/glob/-/glob-7.1.6.tgz",
      "integrity": "sha1-FB8zuBp8JJLhJVlDB0gMRmeSeKY=",
      "dev": true,
      "requires": {
        "fs.realpath": "^1.0.0",
        "inflight": "^1.0.4",
        "inherits": "2",
        "minimatch": "^3.0.4",
        "once": "^1.3.0",
        "path-is-absolute": "^1.0.0"
      }
    },
    "has-flag": {
      "version": "3.0.0",
      "resolved": "https://chewyinc.jfrog.io/chewyinc/api/npm/npm-cache/has-flag/-/has-flag-3.0.0.tgz",
      "integrity": "sha1-tdRU3CGZriJWmfNGfloH87lVuv0=",
      "dev": true
    },
    "ieee754": {
      "version": "1.1.13",
      "resolved": "https://chewyinc.jfrog.io/chewyinc/api/npm/npm-cache/ieee754/-/ieee754-1.1.13.tgz",
      "integrity": "sha1-7BaFWOlaoYH9h9N/VcMrvLZwi4Q=",
      "dev": true
    },
    "inflight": {
      "version": "1.0.6",
      "resolved": "https://chewyinc.jfrog.io/chewyinc/api/npm/npm-cache/inflight/-/inflight-1.0.6.tgz",
      "integrity": "sha1-Sb1jMdfQLQwJvJEKEHW6gWW1bfk=",
      "dev": true,
      "requires": {
        "once": "^1.3.0",
        "wrappy": "1"
      }
    },
    "inherits": {
      "version": "2.0.4",
      "resolved": "https://chewyinc.jfrog.io/chewyinc/api/npm/npm-cache/inherits/-/inherits-2.0.4.tgz",
      "integrity": "sha1-D6LGT5MpF8NDOg3tVTY6rjdBa3w=",
      "dev": true
    },
    "is-promise": {
      "version": "2.2.2",
      "resolved": "https://chewyinc.jfrog.io/chewyinc/api/npm/npm-cache/is-promise/-/is-promise-2.2.2.tgz",
      "integrity": "sha1-OauVnMv5p3TPB597QMeib3YxNfE=",
      "dev": true
    },
    "isarray": {
      "version": "1.0.0",
      "resolved": "https://chewyinc.jfrog.io/chewyinc/api/npm/npm-cache/isarray/-/isarray-1.0.0.tgz",
      "integrity": "sha1-u5NdSFgsuhaMBoNJV6VKPgcSTxE=",
      "dev": true
    },
    "iterare": {
      "version": "1.2.1",
      "resolved": "https://chewyinc.jfrog.io/chewyinc/api/npm/npm-cache/iterare/-/iterare-1.2.1.tgz",
      "integrity": "sha1-E5xAD/c2NpDjOr/6M8u6iSDwAEI=",
      "dev": true
    },
    "jmespath": {
      "version": "0.15.0",
      "resolved": "https://chewyinc.jfrog.io/chewyinc/api/npm/npm-cache/jmespath/-/jmespath-0.15.0.tgz",
      "integrity": "sha1-o/Iiqarp+Wb10nx5ZRDigJF2Qhc=",
      "dev": true
    },
    "lru-queue": {
      "version": "0.1.0",
      "resolved": "https://chewyinc.jfrog.io/chewyinc/api/npm/npm-cache/lru-queue/-/lru-queue-0.1.0.tgz",
      "integrity": "sha1-Jzi9nw089PhEkMVzbEhpmsYyzaM=",
      "dev": true,
      "requires": {
        "es5-ext": "~0.10.2"
      }
    },
    "memoizee": {
      "version": "0.4.14",
      "resolved": "https://chewyinc.jfrog.io/chewyinc/api/npm/npm-cache/memoizee/-/memoizee-0.4.14.tgz",
      "integrity": "sha1-B6APIEaZ+alcLZ53IYJxx81hDVc=",
      "dev": true,
      "requires": {
        "d": "1",
        "es5-ext": "^0.10.45",
        "es6-weak-map": "^2.0.2",
        "event-emitter": "^0.3.5",
        "is-promise": "^2.1",
        "lru-queue": "0.1",
        "next-tick": "1",
        "timers-ext": "^0.1.5"
      }
    },
    "minimatch": {
      "version": "3.0.4",
      "resolved": "https://chewyinc.jfrog.io/chewyinc/api/npm/npm-cache/minimatch/-/minimatch-3.0.4.tgz",
      "integrity": "sha1-UWbihkV/AzBgZL5Ul+jbsMPTIIM=",
      "dev": true,
      "requires": {
        "brace-expansion": "^1.1.7"
      }
    },
    "ms": {
      "version": "2.0.0",
      "resolved": "https://chewyinc.jfrog.io/chewyinc/api/npm/npm-cache/ms/-/ms-2.0.0.tgz",
      "integrity": "sha1-VgiurfwAvmwpAd9fmGF4jeDVl8g=",
      "dev": true
    },
    "nestjs-dynamoose": {
      "version": "0.2.8",
      "resolved": "https://chewyinc.jfrog.io/chewyinc/api/npm/npm-cache/nestjs-dynamoose/-/nestjs-dynamoose-0.2.8.tgz",
      "integrity": "sha1-ZCgY4iOerh7JCxEI2cleb7MVsN8=",
      "dev": true
    },
    "next-tick": {
      "version": "1.0.0",
      "resolved": "https://chewyinc.jfrog.io/chewyinc/api/npm/npm-cache/next-tick/-/next-tick-1.0.0.tgz",
      "integrity": "sha1-yobR/ogoFpsBICCOPchCS524NCw=",
      "dev": true
    },
    "node-fetch": {
      "version": "2.6.0",
      "resolved": "https://chewyinc.jfrog.io/chewyinc/api/npm/npm-cache/node-fetch/-/node-fetch-2.6.0.tgz",
      "integrity": "sha1-5jNFY4bUqlWGP2dqerDaqP3ssP0=",
      "dev": true
    },
    "object-hash": {
      "version": "2.0.3",
      "resolved": "https://chewyinc.jfrog.io/chewyinc/api/npm/npm-cache/object-hash/-/object-hash-2.0.3.tgz",
      "integrity": "sha1-0S2wROA80so9d8BXDYciWwLh5uo=",
      "dev": true
    },
    "once": {
      "version": "1.4.0",
      "resolved": "https://chewyinc.jfrog.io/chewyinc/api/npm/npm-cache/once/-/once-1.4.0.tgz",
      "integrity": "sha1-WDsap3WWHUsROsF9nFC6753Xa9E=",
      "dev": true,
      "requires": {
        "wrappy": "1"
      }
    },
    "path-is-absolute": {
      "version": "1.0.1",
      "resolved": "https://chewyinc.jfrog.io/chewyinc/api/npm/npm-cache/path-is-absolute/-/path-is-absolute-1.0.1.tgz",
      "integrity": "sha1-F0uSaHNVNP+8es5r9TpanhtcX18=",
      "dev": true
    },
    "path-to-regexp": {
      "version": "3.2.0",
      "resolved": "https://chewyinc.jfrog.io/chewyinc/api/npm/npm-cache/path-to-regexp/-/path-to-regexp-3.2.0.tgz",
      "integrity": "sha1-+nh37LxJXGAZB1YiIkU8Q8wgSl8=",
      "dev": true
    },
    "punycode": {
      "version": "1.3.2",
      "resolved": "https://chewyinc.jfrog.io/chewyinc/api/npm/npm-cache/punycode/-/punycode-1.3.2.tgz",
      "integrity": "sha1-llOgNvt8HuQjQvIyXM7v6jkmxI0=",
      "dev": true
    },
    "querystring": {
      "version": "0.2.0",
      "resolved": "https://chewyinc.jfrog.io/chewyinc/api/npm/npm-cache/querystring/-/querystring-0.2.0.tgz",
      "integrity": "sha1-sgmEkgO7Jd+CDadW50cAWHhSFiA=",
      "dev": true
    },
    "reflect-metadata": {
      "version": "0.1.13",
      "resolved": "https://chewyinc.jfrog.io/chewyinc/api/npm/npm-cache/reflect-metadata/-/reflect-metadata-0.1.13.tgz",
      "integrity": "sha1-Z648pXyXKiqhZCsQ/jY/4y1J3Ag=",
      "dev": true
    },
    "rimraf": {
      "version": "3.0.2",
      "resolved": "https://chewyinc.jfrog.io/chewyinc/api/npm/npm-cache/rimraf/-/rimraf-3.0.2.tgz",
      "integrity": "sha1-8aVAK6YiCtUswSgrrBrjqkn9Bho=",
      "dev": true,
      "requires": {
        "glob": "^7.1.3"
      }
    },
    "rxjs": {
      "version": "6.6.2",
      "resolved": "https://chewyinc.jfrog.io/chewyinc/api/npm/npm-cache/rxjs/-/rxjs-6.6.2.tgz",
      "integrity": "sha1-gJanrAPyzE/lhg725XKBDZ4BwNI=",
      "dev": true,
      "requires": {
        "tslib": "^1.9.0"
      },
      "dependencies": {
        "tslib": {
          "version": "1.13.0",
          "resolved": "https://chewyinc.jfrog.io/chewyinc/api/npm/npm-cache/tslib/-/tslib-1.13.0.tgz",
          "integrity": "sha1-yIHhPMcBWJTtkUhi0nZDb6mkcEM=",
          "dev": true
        }
      }
    },
    "sax": {
      "version": "1.2.1",
      "resolved": "https://chewyinc.jfrog.io/chewyinc/api/npm/npm-cache/sax/-/sax-1.2.1.tgz",
      "integrity": "sha1-e45lYZCyKOgaZq6nSEgNgozS03o=",
      "dev": true
    },
    "source-map": {
      "version": "0.6.1",
      "resolved": "https://chewyinc.jfrog.io/chewyinc/api/npm/npm-cache/source-map/-/source-map-0.6.1.tgz",
      "integrity": "sha1-dHIq8y6WFOnCh6jQu95IteLxomM=",
      "dev": true
    },
    "source-map-support": {
      "version": "0.5.19",
      "resolved": "https://chewyinc.jfrog.io/chewyinc/api/npm/npm-cache/source-map-support/-/source-map-support-0.5.19.tgz",
      "integrity": "sha1-qYti+G3K9PZzmWSMCFKRq56P7WE=",
      "dev": true,
      "requires": {
        "buffer-from": "^1.0.0",
        "source-map": "^0.6.0"
      }
    },
    "supports-color": {
      "version": "5.5.0",
      "resolved": "https://chewyinc.jfrog.io/chewyinc/api/npm/npm-cache/supports-color/-/supports-color-5.5.0.tgz",
      "integrity": "sha1-4uaaRKyHcveKHsCzW2id9lMO/I8=",
      "dev": true,
      "requires": {
        "has-flag": "^3.0.0"
      }
    },
    "timers-ext": {
      "version": "0.1.7",
      "resolved": "https://chewyinc.jfrog.io/chewyinc/api/npm/npm-cache/timers-ext/-/timers-ext-0.1.7.tgz",
      "integrity": "sha1-b1ethXjgej+5+R2Th9ZWR1VeJcY=",
      "dev": true,
      "requires": {
        "es5-ext": "~0.10.46",
        "next-tick": "1"
      }
    },
    "tslib": {
      "version": "2.0.0",
      "resolved": "https://chewyinc.jfrog.io/chewyinc/api/npm/npm-cache/tslib/-/tslib-2.0.0.tgz",
      "integrity": "sha1-GNE/wtzgQFHiDwdMyDh/2Aic5PM=",
      "dev": true
    },
    "type": {
      "version": "1.2.0",
      "resolved": "https://chewyinc.jfrog.io/chewyinc/api/npm/npm-cache/type/-/type-1.2.0.tgz",
      "integrity": "sha1-hI3XaY2vo+VKbEeedZxLw/GIR6A=",
      "dev": true
    },
    "typescript": {
      "version": "3.9.7",
      "resolved": "https://chewyinc.jfrog.io/chewyinc/api/npm/npm-cache/typescript/-/typescript-3.9.7.tgz",
      "integrity": "sha1-mNYApevcOPQMsndSLxLcgA6eJfo="
    },
    "url": {
      "version": "0.10.3",
      "resolved": "https://chewyinc.jfrog.io/chewyinc/api/npm/npm-cache/url/-/url-0.10.3.tgz",
      "integrity": "sha1-Ah5NnHcF8hu/N9A861h2dAJ3TGQ=",
      "dev": true,
      "requires": {
        "punycode": "1.3.2",
        "querystring": "0.2.0"
      }
    },
    "uuid": {
      "version": "8.3.0",
      "resolved": "https://chewyinc.jfrog.io/chewyinc/api/npm/npm-cache/uuid/-/uuid-8.3.0.tgz",
      "integrity": "sha1-q3OAhcoi3JqMknJeRZsdUH311uo="
    },
    "wrappy": {
      "version": "1.0.2",
      "resolved": "https://chewyinc.jfrog.io/chewyinc/api/npm/npm-cache/wrappy/-/wrappy-1.0.2.tgz",
      "integrity": "sha1-tSQ9jz7BqjXxNkYFvA0QNuMKtp8=",
      "dev": true
    },
    "xml2js": {
      "version": "0.4.19",
      "resolved": "https://chewyinc.jfrog.io/chewyinc/api/npm/npm-cache/xml2js/-/xml2js-0.4.19.tgz",
      "integrity": "sha1-aGwg8hMgnpSr8NG88e+qKRx4J6c=",
      "dev": true,
      "requires": {
        "sax": ">=0.6.0",
        "xmlbuilder": "~9.0.1"
      }
    },
    "xmlbuilder": {
      "version": "9.0.7",
      "resolved": "https://chewyinc.jfrog.io/chewyinc/api/npm/npm-cache/xmlbuilder/-/xmlbuilder-9.0.7.tgz",
      "integrity": "sha1-Ey7mPS7FVlxVfiD0wi35rKaGsQ0=",
      "dev": true
    }
  }
}
